
Microsoft Visual Studio Solution File, Format Version 12.00
# Visual Studio Version 16
VisualStudioVersion = 16.0.31019.35
MinimumVisualStudioVersion = 10.0.40219.1
Project("{FAE04EC0-301F-11D3-BF4B-00C04F79EFBC}") = "FlyoutPage.UWP", "FlyoutPage\FlyoutPage.UWP\FlyoutPage.UWP.csproj", "{D8A7B2AD-563F-401C-AC9D-2C7277503898}"
EndProject
Project("{FAE04EC0-301F-11D3-BF4B-00C04F79EFBC}") = "FlyoutPage.Android", "FlyoutPage\FlyoutPage.Android\FlyoutPage.Android.csproj", "{8324ED26-5911-45C3-97E0-B785BFB0FEA4}"
EndProject
Project("{FAE04EC0-301F-11D3-BF4B-00C04F79EFBC}") = "FlyoutPage.iOS", "FlyoutPage\FlyoutPage.iOS\FlyoutPage.iOS.csproj", "{D99B2FB3-8B75-47E4-82D2-346EC91BF249}"
EndProject
Project("{FAE04EC0-301F-11D3-BF4B-00C04F79EFBC}") = "FlyoutPage", "FlyoutPage\FlyoutPage\FlyoutPage.csproj", "{F931561D-C829-4CD3-A38F-E7F2CD8D7E8E}"
EndProject
Global
	GlobalSection(SolutionConfigurationPlatforms) = preSolution
		Debug|Any CPU = Debug|Any CPU
		Debug|ARM = Debug|ARM
		Debug|iPhone = Debug|iPhone
		Debug|iPhoneSimulator = Debug|iPhoneSimulator
		Debug|x64 = Debug|x64
		Debug|x86 = Debug|x86
		Release|Any CPU = Release|Any CPU
		Release|ARM = Release|ARM
		Release|iPhone = Release|iPhone
		Release|iPhoneSimulator = Release|iPhoneSimulator
		Release|x64 = Release|x64
		Release|x86 = Release|x86
	EndGlobalSection
	GlobalSection(ProjectConfigurationPlatforms) = postSolution
		{D8A7B2AD-563F-401C-AC9D-2C7277503898}.Debug|Any CPU.ActiveCfg = Debug|x86
		{D8A7B2AD-563F-401C-AC9D-2C7277503898}.Debug|Any CPU.Build.0 = Debug|x86
		{D8A7B2AD-563F-401C-AC9D-2C7277503898}.Debug|Any CPU.Deploy.0 = Debug|x86
		{D8A7B2AD-563F-401C-AC9D-2C7277503898}.Debug|ARM.ActiveCfg = Debug|ARM
		{D8A7B2AD-563F-401C-AC9D-2C7277503898}.Debug|ARM.Build.0 = Debug|ARM
		{D8A7B2AD-563F-401C-AC9D-2C7277503898}.Debug|ARM.Deploy.0 = Debug|ARM
		{D8A7B2AD-563F-401C-AC9D-2C7277503898}.Debug|iPhone.ActiveCfg = Debug|x86
		{D8A7B2AD-563F-401C-AC9D-2C7277503898}.Debug|iPhone.Build.0 = Debug|x86
		{D8A7B2AD-563F-401C-AC9D-2C7277503898}.Debug|iPhone.Deploy.0 = Debug|x86
		{D8A7B2AD-563F-401C-AC9D-2C7277503898}.Debug|iPhoneSimulator.ActiveCfg = Debug|x86
		{D8A7B2AD-563F-401C-AC9D-2C7277503898}.Debug|iPhoneSimulator.Build.0 = Debug|x86
		{D8A7B2AD-563F-401C-AC9D-2C7277503898}.Debug|iPhoneSimulator.Deploy.0 = Debug|x86
		{D8A7B2AD-563F-401C-AC9D-2C7277503898}.Debug|x64.ActiveCfg = Debug|x64
		{D8A7B2AD-563F-401C-AC9D-2C7277503898}.Debug|x64.Build.0 = Debug|x64
		{D8A7B2AD-563F-401C-AC9D-2C7277503898}.Debug|x64.Deploy.0 = Debug|x64
		{D8A7B2AD-563F-401C-AC9D-2C7277503898}.Debug|x86.ActiveCfg = Debug|x86
		{D8A7B2AD-563F-401C-AC9D-2C7277503898}.Debug|x86.Build.0 = Debug|x86
		{D8A7B2AD-563F-401C-AC9D-2C7277503898}.Debug|x86.Deploy.0 = Debug|x86
		{D8A7B2AD-563F-401C-AC9D-2C7277503898}.Release|Any CPU.ActiveCfg = Release|x86
		{D8A7B2AD-563F-401C-AC9D-2C7277503898}.Release|Any CPU.Build.0 = Release|x86
		{D8A7B2AD-563F-401C-AC9D-2C7277503898}.Release|Any CPU.Deploy.0 = Release|x86
		{D8A7B2AD-563F-401C-AC9D-2C7277503898}.Release|ARM.ActiveCfg = Release|ARM
		{D8A7B2AD-563F-401C-AC9D-2C7277503898}.Release|ARM.Build.0 = Release|ARM
		{D8A7B2AD-563F-401C-AC9D-2C7277503898}.Release|ARM.Deploy.0 = Release|ARM
		{D8A7B2AD-563F-401C-AC9D-2C7277503898}.Release|iPhone.ActiveCfg = Release|x86
		{D8A7B2AD-563F-401C-AC9D-2C7277503898}.Release|iPhone.Build.0 = Release|x86
		{D8A7B2AD-563F-401C-AC9D-2C7277503898}.Release|iPhone.Deploy.0 = Release|x86
		{D8A7B2AD-563F-401C-AC9D-2C7277503898}.Release|iPhoneSimulator.ActiveCfg = Release|x86
		{D8A7B2AD-563F-401C-AC9D-2C7277503898}.Release|iPhoneSimulator.Build.0 = Release|x86
		{D8A7B2AD-563F-401C-AC9D-2C7277503898}.Release|iPhoneSimulator.Deploy.0 = Release|x86
		{D8A7B2AD-563F-401C-AC9D-2C7277503898}.Release|x64.ActiveCfg = Release|x64
		{D8A7B2AD-563F-401C-AC9D-2C7277503898}.Release|x64.Build.0 = Release|x64
		{D8A7B2AD-563F-401C-AC9D-2C7277503898}.Release|x64.Deploy.0 = Release|x64
		{D8A7B2AD-563F-401C-AC9D-2C7277503898}.Release|x86.ActiveCfg = Release|x86
		{D8A7B2AD-563F-401C-AC9D-2C7277503898}.Release|x86.Build.0 = Release|x86
		{D8A7B2AD-563F-401C-AC9D-2C7277503898}.Release|x86.Deploy.0 = Release|x86
		{8324ED26-5911-45C3-97E0-B785BFB0FEA4}.Debug|Any CPU.ActiveCfg = Debug|Any CPU
		{8324ED26-5911-45C3-97E0-B785BFB0FEA4}.Debug|Any CPU.Build.0 = Debug|Any CPU
		{8324ED26-5911-45C3-97E0-B785BFB0FEA4}.Debug|Any CPU.Deploy.0 = Debug|Any CPU
		{8324ED26-5911-45C3-97E0-B785BFB0FEA4}.Debug|ARM.ActiveCfg = Debug|Any CPU
		{8324ED26-5911-45C3-97E0-B785BFB0FEA4}.Debug|ARM.Build.0 = Debug|Any CPU
		{8324ED26-5911-45C3-97E0-B785BFB0FEA4}.Debug|ARM.Deploy.0 = Debug|Any CPU
		{8324ED26-5911-45C3-97E0-B785BFB0FEA4}.Debug|iPhone.ActiveCfg = Debug|Any CPU
		{8324ED26-5911-45C3-97E0-B785BFB0FEA4}.Debug|iPhone.Build.0 = Debug|Any CPU
		{8324ED26-5911-45C3-97E0-B785BFB0FEA4}.Debug|iPhone.Deploy.0 = Debug|Any CPU
		{8324ED26-5911-45C3-97E0-B785BFB0FEA4}.Debug|iPhoneSimulator.ActiveCfg = Debug|Any CPU
		{8324ED26-5911-45C3-97E0-B785BFB0FEA4}.Debug|iPhoneSimulator.Build.0 = Debug|Any CPU
		{8324ED26-5911-45C3-97E0-B785BFB0FEA4}.Debug|iPhoneSimulator.Deploy.0 = Debug|Any CPU
		{8324ED26-5911-45C3-97E0-B785BFB0FEA4}.Debug|x64.ActiveCfg = Debug|Any CPU
		{8324ED26-5911-45C3-97E0-B785BFB0FEA4}.Debug|x64.Build.0 = Debug|Any CPU
		{8324ED26-5911-45C3-97E0-B785BFB0FEA4}.Debug|x64.Deploy.0 = Debug|Any CPU
		{8324ED26-5911-45C3-97E0-B785BFB0FEA4}.Debug|x86.ActiveCfg = Debug|Any CPU
		{8324ED26-5911-45C3-97E0-B785BFB0FEA4}.Debug|x86.Build.0 = Debug|Any CPU
		{8324ED26-5911-45C3-97E0-B785BFB0FEA4}.Debug|x86.Deploy.0 = Debug|Any CPU
		{8324ED26-5911-45C3-97E0-B785BFB0FEA4}.Release|Any CPU.ActiveCfg = Release|Any CPU
		{8324ED26-5911-45C3-97E0-B785BFB0FEA4}.Release|Any CPU.Build.0 = Release|Any CPU
		{8324ED26-5911-45C3-97E0-B785BFB0FEA4}.Release|Any CPU.Deploy.0 = Release|Any CPU
		{8324ED26-5911-45C3-97E0-B785BFB0FEA4}.Release|ARM.ActiveCfg = Release|Any CPU
		{8324ED26-5911-45C3-97E0-B785BFB0FEA4}.Release|ARM.Build.0 = Release|Any CPU
		{8324ED26-5911-45C3-97E0-B785BFB0FEA4}.Release|ARM.Deploy.0 = Release|Any CPU
		{8324ED26-5911-45C3-97E0-B785BFB0FEA4}.Release|iPhone.ActiveCfg = Release|Any CPU
		{8324ED26-5911-45C3-97E0-B785BFB0FEA4}.Release|iPhone.Build.0 = Release|Any CPU
		{8324ED26-5911-45C3-97E0-B785BFB0FEA4}.Release|iPhone.Deploy.0 = Release|Any CPU
		{8324ED26-5911-45C3-97E0-B785BFB0FEA4}.Release|iPhoneSimulator.ActiveCfg = Release|Any CPU
		{8324ED26-5911-45C3-97E0-B785BFB0FEA4}.Release|iPhoneSimulator.Build.0 = Release|Any CPU
		{8324ED26-5911-45C3-97E0-B785BFB0FEA4}.Release|iPhoneSimulator.Deploy.0 = Release|Any CPU
		{8324ED26-5911-45C3-97E0-B785BFB0FEA4}.Release|x64.ActiveCfg = Release|Any CPU
		{8324ED26-5911-45C3-97E0-B785BFB0FEA4}.Release|x64.Build.0 = Release|Any CPU
		{8324ED26-5911-45C3-97E0-B785BFB0FEA4}.Release|x64.Deploy.0 = Release|Any CPU
		{8324ED26-5911-45C3-97E0-B785BFB0FEA4}.Release|x86.ActiveCfg = Release|Any CPU
		{8324ED26-5911-45C3-97E0-B785BFB0FEA4}.Release|x86.Build.0 = Release|Any CPU
		{8324ED26-5911-45C3-97E0-B785BFB0FEA4}.Release|x86.Deploy.0 = Release|Any CPU
		{D99B2FB3-8B75-47E4-82D2-346EC91BF249}.Debug|Any CPU.ActiveCfg = Debug|iPhoneSimulator
		{D99B2FB3-8B75-47E4-82D2-346EC91BF249}.Debug|Any CPU.Build.0 = Debug|iPhoneSimulator
		{D99B2FB3-8B75-47E4-82D2-346EC91BF249}.Debug|Any CPU.Deploy.0 = Debug|iPhoneSimulator
		{D99B2FB3-8B75-47E4-82D2-346EC91BF249}.Debug|ARM.ActiveCfg = Debug|iPhone
		{D99B2FB3-8B75-47E4-82D2-346EC91BF249}.Debug|ARM.Build.0 = Debug|iPhone
		{D99B2FB3-8B75-47E4-82D2-346EC91BF249}.Debug|ARM.Deploy.0 = Debug|iPhone
		{D99B2FB3-8B75-47E4-82D2-346EC91BF249}.Debug|iPhone.ActiveCfg = Debug|iPhone
		{D99B2FB3-8B75-47E4-82D2-346EC91BF249}.Debug|iPhone.Build.0 = Debug|iPhone
		{D99B2FB3-8B75-47E4-82D2-346EC91BF249}.Debug|iPhone.Deploy.0 = Debug|iPhone
		{D99B2FB3-8B75-47E4-82D2-346EC91BF249}.Debug|iPhoneSimulator.ActiveCfg = Debug|iPhoneSimulator
		{D99B2FB3-8B75-47E4-82D2-346EC91BF249}.Debug|iPhoneSimulator.Build.0 = Debug|iPhoneSimulator
		{D99B2FB3-8B75-47E4-82D2-346EC91BF249}.Debug|iPhoneSimulator.Deploy.0 = Debug|iPhoneSimulator
		{D99B2FB3-8B75-47E4-82D2-346EC91BF249}.Debug|x64.ActiveCfg = Debug|iPhoneSimulator
		{D99B2FB3-8B75-47E4-82D2-346EC91BF249}.Debug|x64.Build.0 = Debug|iPhoneSimulator
		{D99B2FB3-8B75-47E4-82D2-346EC91BF249}.Debug|x64.Deploy.0 = Debug|iPhoneSimulator
		{D99B2FB3-8B75-47E4-82D2-346EC91BF249}.Debug|x86.ActiveCfg = Debug|iPhoneSimulator
		{D99B2FB3-8B75-47E4-82D2-346EC91BF249}.Debug|x86.Build.0 = Debug|iPhoneSimulator
		{D99B2FB3-8B75-47E4-82D2-346EC91BF249}.Debug|x86.Deploy.0 = Debug|iPhoneSimulator
		{D99B2FB3-8B75-47E4-82D2-346EC91BF249}.Release|Any CPU.ActiveCfg = Release|iPhoneSimulator
		{D99B2FB3-8B75-47E4-82D2-346EC91BF249}.Release|Any CPU.Build.0 = Release|iPhoneSimulator
		{D99B2FB3-8B75-47E4-82D2-346EC91BF249}.Release|Any CPU.Deploy.0 = Release|iPhoneSimulator
		{D99B2FB3-8B75-47E4-82D2-346EC91BF249}.Release|ARM.ActiveCfg = Release|iPhoneSimulator
		{D99B2FB3-8B75-47E4-82D2-346EC91BF249}.Release|ARM.Build.0 = Release|iPhoneSimulator
		{D99B2FB3-8B75-47E4-82D2-346EC91BF249}.Release|ARM.Deploy.0 = Release|iPhoneSimulator
		{D99B2FB3-8B75-47E4-82D2-346EC91BF249}.Release|iPhone.ActiveCfg = Release|iPhone
		{D99B2FB3-8B75-47E4-82D2-346EC91BF249}.Release|iPhone.Build.0 = Release|iPhone
		{D99B2FB3-8B75-47E4-82D2-346EC91BF249}.Release|iPhone.Deploy.0 = Release|iPhone
		{D99B2FB3-8B75-47E4-82D2-346EC91BF249}.Release|iPhoneSimulator.ActiveCfg = Release|iPhoneSimulator
		{D99B2FB3-8B75-47E4-82D2-346EC91BF249}.Release|iPhoneSimulator.Build.0 = Release|iPhoneSimulator
		{D99B2FB3-8B75-47E4-82D2-346EC91BF249}.Release|iPhoneSimulator.Deploy.0 = Release|iPhoneSimulator
		{D99B2FB3-8B75-47E4-82D2-346EC91BF249}.Release|x64.ActiveCfg = Release|iPhoneSimulator
		{D99B2FB3-8B75-47E4-82D2-346EC91BF249}.Release|x64.Build.0 = Release|iPhoneSimulator
		{D99B2FB3-8B75-47E4-82D2-346EC91BF249}.Release|x64.Deploy.0 = Release|iPhoneSimulator
		{D99B2FB3-8B75-47E4-82D2-346EC91BF249}.Release|x86.ActiveCfg = Release|iPhoneSimulator
		{D99B2FB3-8B75-47E4-82D2-346EC91BF249}.Release|x86.Build.0 = Release|iPhoneSimulator
		{D99B2FB3-8B75-47E4-82D2-346EC91BF249}.Release|x86.Deploy.0 = Release|iPhoneSimulator
		{F931561D-C829-4CD3-A38F-E7F2CD8D7E8E}.Debug|Any CPU.ActiveCfg = Debug|Any CPU
		{F931561D-C829-4CD3-A38F-E7F2CD8D7E8E}.Debug|Any CPU.Build.0 = Debug|Any CPU
		{F931561D-C829-4CD3-A38F-E7F2CD8D7E8E}.Debug|Any CPU.Deploy.0 = Debug|Any CPU
		{F931561D-C829-4CD3-A38F-E7F2CD8D7E8E}.Debug|ARM.ActiveCfg = Debug|Any CPU
		{F931561D-C829-4CD3-A38F-E7F2CD8D7E8E}.Debug|ARM.Build.0 = Debug|Any CPU
		{F931561D-C829-4CD3-A38F-E7F2CD8D7E8E}.Debug|ARM.Deploy.0 = Debug|Any CPU
		{F931561D-C829-4CD3-A38F-E7F2CD8D7E8E}.Debug|iPhone.ActiveCfg = Debug|Any CPU
		{F931561D-C829-4CD3-A38F-E7F2CD8D7E8E}.Debug|iPhone.Build.0 = Debug|Any CPU
		{F931561D-C829-4CD3-A38F-E7F2CD8D7E8E}.Debug|iPhone.Deploy.0 = Debug|Any CPU
		{F931561D-C829-4CD3-A38F-E7F2CD8D7E8E}.Debug|iPhoneSimulator.ActiveCfg = Debug|Any CPU
		{F931561D-C829-4CD3-A38F-E7F2CD8D7E8E}.Debug|iPhoneSimulator.Build.0 = Debug|Any CPU
		{F931561D-C829-4CD3-A38F-E7F2CD8D7E8E}.Debug|iPhoneSimulator.Deploy.0 = Debug|Any CPU
		{F931561D-C829-4CD3-A38F-E7F2CD8D7E8E}.Debug|x64.ActiveCfg = Debug|Any CPU
		{F931561D-C829-4CD3-A38F-E7F2CD8D7E8E}.Debug|x64.Build.0 = Debug|Any CPU
		{F931561D-C829-4CD3-A38F-E7F2CD8D7E8E}.Debug|x64.Deploy.0 = Debug|Any CPU
		{F931561D-C829-4CD3-A38F-E7F2CD8D7E8E}.Debug|x86.ActiveCfg = Debug|Any CPU
		{F931561D-C829-4CD3-A38F-E7F2CD8D7E8E}.Debug|x86.Build.0 = Debug|Any CPU
		{F931561D-C829-4CD3-A38F-E7F2CD8D7E8E}.Debug|x86.Deploy.0 = Debug|Any CPU
		{F931561D-C829-4CD3-A38F-E7F2CD8D7E8E}.Release|Any CPU.ActiveCfg = Release|Any CPU
		{F931561D-C829-4CD3-A38F-E7F2CD8D7E8E}.Release|Any CPU.Build.0 = Release|Any CPU
		{F931561D-C829-4CD3-A38F-E7F2CD8D7E8E}.Release|Any CPU.Deploy.0 = Release|Any CPU
		{F931561D-C829-4CD3-A38F-E7F2CD8D7E8E}.Release|ARM.ActiveCfg = Release|Any CPU
		{F931561D-C829-4CD3-A38F-E7F2CD8D7E8E}.Release|ARM.Build.0 = Release|Any CPU
		{F931561D-C829-4CD3-A38F-E7F2CD8D7E8E}.Release|ARM.Deploy.0 = Release|Any CPU
		{F931561D-C829-4CD3-A38F-E7F2CD8D7E8E}.Release|iPhone.ActiveCfg = Release|Any CPU
		{F931561D-C829-4CD3-A38F-E7F2CD8D7E8E}.Release|iPhone.Build.0 = Release|Any CPU
		{F931561D-C829-4CD3-A38F-E7F2CD8D7E8E}.Release|iPhone.Deploy.0 = Release|Any CPU
		{F931561D-C829-4CD3-A38F-E7F2CD8D7E8E}.Release|iPhoneSimulator.ActiveCfg = Release|Any CPU
		{F931561D-C829-4CD3-A38F-E7F2CD8D7E8E}.Release|iPhoneSimulator.Build.0 = Release|Any CPU
		{F931561D-C829-4CD3-A38F-E7F2CD8D7E8E}.Release|iPhoneSimulator.Deploy.0 = Release|Any CPU
		{F931561D-C829-4CD3-A38F-E7F2CD8D7E8E}.Release|x64.ActiveCfg = Release|Any CPU
		{F931561D-C829-4CD3-A38F-E7F2CD8D7E8E}.Release|x64.Build.0 = Release|Any CPU
		{F931561D-C829-4CD3-A38F-E7F2CD8D7E8E}.Release|x64.Deploy.0 = Release|Any CPU
		{F931561D-C829-4CD3-A38F-E7F2CD8D7E8E}.Release|x86.ActiveCfg = Release|Any CPU
		{F931561D-C829-4CD3-A38F-E7F2CD8D7E8E}.Release|x86.Build.0 = Release|Any CPU
		{F931561D-C829-4CD3-A38F-E7F2CD8D7E8E}.Release|x86.Deploy.0 = Release|Any CPU
	EndGlobalSection
	GlobalSection(SolutionProperties) = preSolution
		HideSolutionNode = FALSE
	EndGlobalSection
	GlobalSection(ExtensibilityGlobals) = postSolution
		SolutionGuid = {96AEC180-3814-4AB0-971F-2BD088D046FC}
	EndGlobalSection
EndGlobal
